// !$*UTF8*$!
{
	archiveVersion = 1;
	classes = {
	};
	objectVersion = 46;
	objects = {

/* Begin PBXAggregateTarget section */
		B33FF34C258B2415004DBC52 /* PageMenuKitSwiftXCFramework */ = {
			isa = PBXAggregateTarget;
			buildConfigurationList = B33FF34F258B2415004DBC52 /* Build configuration list for PBXAggregateTarget "PageMenuKitSwiftXCFramework" */;
			buildPhases = (
				B33FF353258B2426004DBC52 /* ShellScript */,
			);
			dependencies = (
			);
			name = PageMenuKitSwiftXCFramework;
			productName = PageMenuKitSwiftXCFramework;
		};
/* End PBXAggregateTarget section */

/* Begin PBXBuildFile section */
		B3650E861EEA566500B3D2BB /* PMKPageMenuItemNHK.swift in Sources */ = {isa = PBXBuildFile; fileRef = B3650E851EEA566500B3D2BB /* PMKPageMenuItemNHK.swift */; };
		B3FA139D23A2A86D00F1C379 /* PageMenuKit.framework in Frameworks */ = {isa = PBXBuildFile; fileRef = B3FD5BAD1EE967A000842272 /* PageMenuKit.framework */; };
		B3FA139E23A2A86E00F1C379 /* PageMenuKit.framework in Embed Frameworks */ = {isa = PBXBuildFile; fileRef = B3FD5BAD1EE967A000842272 /* PageMenuKit.framework */; settings = {ATTRIBUTES = (CodeSignOnCopy, RemoveHeadersOnCopy, ); }; };
		B3FD5BB11EE967A000842272 /* PageMenuKit.h in Headers */ = {isa = PBXBuildFile; fileRef = B3FD5BAF1EE967A000842272 /* PageMenuKit.h */; settings = {ATTRIBUTES = (Public, ); }; };
		B3FD5BC71EE96AC100842272 /* AppDelegate.swift in Sources */ = {isa = PBXBuildFile; fileRef = B3FD5BC61EE96AC100842272 /* AppDelegate.swift */; };
		B3FD5BCE1EE96AC100842272 /* Assets.xcassets in Resources */ = {isa = PBXBuildFile; fileRef = B3FD5BCD1EE96AC100842272 /* Assets.xcassets */; };
		B3FD5BD11EE96AC100842272 /* LaunchScreen.storyboard in Resources */ = {isa = PBXBuildFile; fileRef = B3FD5BCF1EE96AC100842272 /* LaunchScreen.storyboard */; };
		B3FD5BE11EE96B1500842272 /* PMKPageMenuController.swift in Sources */ = {isa = PBXBuildFile; fileRef = B3FD5BD61EE96B1500842272 /* PMKPageMenuController.swift */; };
		B3FD5BE21EE96B1500842272 /* PMKPageMenuControllerDelegate.swift in Sources */ = {isa = PBXBuildFile; fileRef = B3FD5BD71EE96B1500842272 /* PMKPageMenuControllerDelegate.swift */; };
		B3FD5BE31EE96B1500842272 /* PMKPageMenuItem.swift in Sources */ = {isa = PBXBuildFile; fileRef = B3FD5BD81EE96B1500842272 /* PMKPageMenuItem.swift */; };
		B3FD5BE41EE96B1500842272 /* PMKPageMenuItemEllipse.swift in Sources */ = {isa = PBXBuildFile; fileRef = B3FD5BD91EE96B1500842272 /* PMKPageMenuItemEllipse.swift */; };
		B3FD5BE51EE96B1500842272 /* PMKPageMenuItemHacka.swift in Sources */ = {isa = PBXBuildFile; fileRef = B3FD5BDA1EE96B1500842272 /* PMKPageMenuItemHacka.swift */; };
		B3FD5BE61EE96B1500842272 /* PMKPageMenuItemNetLab.swift in Sources */ = {isa = PBXBuildFile; fileRef = B3FD5BDB1EE96B1500842272 /* PMKPageMenuItemNetLab.swift */; };
		B3FD5BE71EE96B1500842272 /* PMKPageMenuItemPlain.swift in Sources */ = {isa = PBXBuildFile; fileRef = B3FD5BDC1EE96B1500842272 /* PMKPageMenuItemPlain.swift */; };
		B3FD5BE81EE96B1500842272 /* PMKPageMenuItemSmart.swift in Sources */ = {isa = PBXBuildFile; fileRef = B3FD5BDD1EE96B1500842272 /* PMKPageMenuItemSmart.swift */; };
		B3FD5BE91EE96B1500842272 /* PMKPageMenuItemSuite.swift in Sources */ = {isa = PBXBuildFile; fileRef = B3FD5BDE1EE96B1500842272 /* PMKPageMenuItemSuite.swift */; };
		B3FD5BEA1EE96B1500842272 /* PMKPageMenuItemTab.swift in Sources */ = {isa = PBXBuildFile; fileRef = B3FD5BDF1EE96B1500842272 /* PMKPageMenuItemTab.swift */; };
		B3FD5BEB1EE96B1500842272 /* PMKPageMenuItemWeb.swift in Sources */ = {isa = PBXBuildFile; fileRef = B3FD5BE01EE96B1500842272 /* PMKPageMenuItemWeb.swift */; };
		B3FD5BED1EE96DE100842272 /* BaseViewController.swift in Sources */ = {isa = PBXBuildFile; fileRef = B3FD5BEC1EE96DE100842272 /* BaseViewController.swift */; };
		B3FD5BEF1EE96DE800842272 /* RootViewController.swift in Sources */ = {isa = PBXBuildFile; fileRef = B3FD5BEE1EE96DE800842272 /* RootViewController.swift */; };
		B3FD5BF11EE96DEF00842272 /* DataViewController.swift in Sources */ = {isa = PBXBuildFile; fileRef = B3FD5BF01EE96DEF00842272 /* DataViewController.swift */; };
/* End PBXBuildFile section */

/* Begin PBXContainerItemProxy section */
		B3650E871EEA797500B3D2BB /* PBXContainerItemProxy */ = {
			isa = PBXContainerItemProxy;
			containerPortal = B3FD5B8B1EE966FB00842272 /* Project object */;
			proxyType = 1;
			remoteGlobalIDString = B3FD5BAC1EE967A000842272;
			remoteInfo = PageMenuKit;
		};
/* End PBXContainerItemProxy section */

/* Begin PBXCopyFilesBuildPhase section */
		B3FA139F23A2A86E00F1C379 /* Embed Frameworks */ = {
			isa = PBXCopyFilesBuildPhase;
			buildActionMask = 2147483647;
			dstPath = "";
			dstSubfolderSpec = 10;
			files = (
				B3FA139E23A2A86E00F1C379 /* PageMenuKit.framework in Embed Frameworks */,
			);
			name = "Embed Frameworks";
			runOnlyForDeploymentPostprocessing = 0;
		};
/* End PBXCopyFilesBuildPhase section */

/* Begin PBXFileReference section */
		B3650E851EEA566500B3D2BB /* PMKPageMenuItemNHK.swift */ = {isa = PBXFileReference; fileEncoding = 4; lastKnownFileType = sourcecode.swift; path = PMKPageMenuItemNHK.swift; sourceTree = "<group>"; };
		B3FD5BAD1EE967A000842272 /* PageMenuKit.framework */ = {isa = PBXFileReference; explicitFileType = wrapper.framework; includeInIndex = 0; path = PageMenuKit.framework; sourceTree = BUILT_PRODUCTS_DIR; };
		B3FD5BAF1EE967A000842272 /* PageMenuKit.h */ = {isa = PBXFileReference; lastKnownFileType = sourcecode.c.h; path = PageMenuKit.h; sourceTree = "<group>"; };
		B3FD5BB01EE967A000842272 /* Info.plist */ = {isa = PBXFileReference; lastKnownFileType = text.plist.xml; path = Info.plist; sourceTree = "<group>"; };
		B3FD5BC41EE96AC000842272 /* PageMenuKitDemo.app */ = {isa = PBXFileReference; explicitFileType = wrapper.application; includeInIndex = 0; path = PageMenuKitDemo.app; sourceTree = BUILT_PRODUCTS_DIR; };
		B3FD5BC61EE96AC100842272 /* AppDelegate.swift */ = {isa = PBXFileReference; lastKnownFileType = sourcecode.swift; path = AppDelegate.swift; sourceTree = "<group>"; };
		B3FD5BCD1EE96AC100842272 /* Assets.xcassets */ = {isa = PBXFileReference; lastKnownFileType = folder.assetcatalog; path = Assets.xcassets; sourceTree = "<group>"; };
		B3FD5BD01EE96AC100842272 /* Base */ = {isa = PBXFileReference; lastKnownFileType = file.storyboard; name = Base; path = Base.lproj/LaunchScreen.storyboard; sourceTree = "<group>"; };
		B3FD5BD21EE96AC100842272 /* Info.plist */ = {isa = PBXFileReference; lastKnownFileType = text.plist.xml; path = Info.plist; sourceTree = "<group>"; };
		B3FD5BD61EE96B1500842272 /* PMKPageMenuController.swift */ = {isa = PBXFileReference; fileEncoding = 4; lastKnownFileType = sourcecode.swift; path = PMKPageMenuController.swift; sourceTree = "<group>"; };
		B3FD5BD71EE96B1500842272 /* PMKPageMenuControllerDelegate.swift */ = {isa = PBXFileReference; fileEncoding = 4; lastKnownFileType = sourcecode.swift; path = PMKPageMenuControllerDelegate.swift; sourceTree = "<group>"; };
		B3FD5BD81EE96B1500842272 /* PMKPageMenuItem.swift */ = {isa = PBXFileReference; fileEncoding = 4; lastKnownFileType = sourcecode.swift; path = PMKPageMenuItem.swift; sourceTree = "<group>"; };
		B3FD5BD91EE96B1500842272 /* PMKPageMenuItemEllipse.swift */ = {isa = PBXFileReference; fileEncoding = 4; lastKnownFileType = sourcecode.swift; path = PMKPageMenuItemEllipse.swift; sourceTree = "<group>"; };
		B3FD5BDA1EE96B1500842272 /* PMKPageMenuItemHacka.swift */ = {isa = PBXFileReference; fileEncoding = 4; lastKnownFileType = sourcecode.swift; path = PMKPageMenuItemHacka.swift; sourceTree = "<group>"; };
		B3FD5BDB1EE96B1500842272 /* PMKPageMenuItemNetLab.swift */ = {isa = PBXFileReference; fileEncoding = 4; lastKnownFileType = sourcecode.swift; path = PMKPageMenuItemNetLab.swift; sourceTree = "<group>"; };
		B3FD5BDC1EE96B1500842272 /* PMKPageMenuItemPlain.swift */ = {isa = PBXFileReference; fileEncoding = 4; lastKnownFileType = sourcecode.swift; path = PMKPageMenuItemPlain.swift; sourceTree = "<group>"; };
		B3FD5BDD1EE96B1500842272 /* PMKPageMenuItemSmart.swift */ = {isa = PBXFileReference; fileEncoding = 4; lastKnownFileType = sourcecode.swift; path = PMKPageMenuItemSmart.swift; sourceTree = "<group>"; };
		B3FD5BDE1EE96B1500842272 /* PMKPageMenuItemSuite.swift */ = {isa = PBXFileReference; fileEncoding = 4; lastKnownFileType = sourcecode.swift; path = PMKPageMenuItemSuite.swift; sourceTree = "<group>"; };
		B3FD5BDF1EE96B1500842272 /* PMKPageMenuItemTab.swift */ = {isa = PBXFileReference; fileEncoding = 4; lastKnownFileType = sourcecode.swift; path = PMKPageMenuItemTab.swift; sourceTree = "<group>"; };
		B3FD5BE01EE96B1500842272 /* PMKPageMenuItemWeb.swift */ = {isa = PBXFileReference; fileEncoding = 4; lastKnownFileType = sourcecode.swift; path = PMKPageMenuItemWeb.swift; sourceTree = "<group>"; };
		B3FD5BEC1EE96DE100842272 /* BaseViewController.swift */ = {isa = PBXFileReference; fileEncoding = 4; lastKnownFileType = sourcecode.swift; path = BaseViewController.swift; sourceTree = "<group>"; };
		B3FD5BEE1EE96DE800842272 /* RootViewController.swift */ = {isa = PBXFileReference; fileEncoding = 4; lastKnownFileType = sourcecode.swift; path = RootViewController.swift; sourceTree = "<group>"; };
		B3FD5BF01EE96DEF00842272 /* DataViewController.swift */ = {isa = PBXFileReference; fileEncoding = 4; lastKnownFileType = sourcecode.swift; path = DataViewController.swift; sourceTree = "<group>"; };
/* End PBXFileReference section */

/* Begin PBXFrameworksBuildPhase section */
		B3FD5BA91EE967A000842272 /* Frameworks */ = {
			isa = PBXFrameworksBuildPhase;
			buildActionMask = 2147483647;
			files = (
			);
			runOnlyForDeploymentPostprocessing = 0;
		};
		B3FD5BC11EE96AC000842272 /* Frameworks */ = {
			isa = PBXFrameworksBuildPhase;
			buildActionMask = 2147483647;
			files = (
				B3FA139D23A2A86D00F1C379 /* PageMenuKit.framework in Frameworks */,
			);
			runOnlyForDeploymentPostprocessing = 0;
		};
/* End PBXFrameworksBuildPhase section */

/* Begin PBXGroup section */
		B3FD5B8A1EE966FB00842272 = {
			isa = PBXGroup;
			children = (
				B3FD5BAE1EE967A000842272 /* PageMenuKit */,
				B3FD5BC51EE96AC000842272 /* PageMenuKitDemo */,
				B3FD5B941EE966FB00842272 /* Products */,
			);
			sourceTree = "<group>";
		};
		B3FD5B941EE966FB00842272 /* Products */ = {
			isa = PBXGroup;
			children = (
				B3FD5BAD1EE967A000842272 /* PageMenuKit.framework */,
				B3FD5BC41EE96AC000842272 /* PageMenuKitDemo.app */,
			);
			name = Products;
			sourceTree = "<group>";
		};
		B3FD5BAE1EE967A000842272 /* PageMenuKit */ = {
			isa = PBXGroup;
			children = (
				B3650E851EEA566500B3D2BB /* PMKPageMenuItemNHK.swift */,
				B3FD5BD61EE96B1500842272 /* PMKPageMenuController.swift */,
				B3FD5BD71EE96B1500842272 /* PMKPageMenuControllerDelegate.swift */,
				B3FD5BD81EE96B1500842272 /* PMKPageMenuItem.swift */,
				B3FD5BD91EE96B1500842272 /* PMKPageMenuItemEllipse.swift */,
				B3FD5BDA1EE96B1500842272 /* PMKPageMenuItemHacka.swift */,
				B3FD5BDB1EE96B1500842272 /* PMKPageMenuItemNetLab.swift */,
				B3FD5BDC1EE96B1500842272 /* PMKPageMenuItemPlain.swift */,
				B3FD5BDD1EE96B1500842272 /* PMKPageMenuItemSmart.swift */,
				B3FD5BDE1EE96B1500842272 /* PMKPageMenuItemSuite.swift */,
				B3FD5BDF1EE96B1500842272 /* PMKPageMenuItemTab.swift */,
				B3FD5BE01EE96B1500842272 /* PMKPageMenuItemWeb.swift */,
				B3FD5BAF1EE967A000842272 /* PageMenuKit.h */,
				B3FD5BB01EE967A000842272 /* Info.plist */,
			);
			path = PageMenuKit;
			sourceTree = "<group>";
		};
		B3FD5BC51EE96AC000842272 /* PageMenuKitDemo */ = {
			isa = PBXGroup;
			children = (
				B3FD5BF01EE96DEF00842272 /* DataViewController.swift */,
				B3FD5BEE1EE96DE800842272 /* RootViewController.swift */,
				B3FD5BEC1EE96DE100842272 /* BaseViewController.swift */,
				B3FD5BC61EE96AC100842272 /* AppDelegate.swift */,
				B3FD5BCD1EE96AC100842272 /* Assets.xcassets */,
				B3FD5BCF1EE96AC100842272 /* LaunchScreen.storyboard */,
				B3FD5BD21EE96AC100842272 /* Info.plist */,
			);
			path = PageMenuKitDemo;
			sourceTree = "<group>";
		};
/* End PBXGroup section */

/* Begin PBXHeadersBuildPhase section */
		B3FD5BAA1EE967A000842272 /* Headers */ = {
			isa = PBXHeadersBuildPhase;
			buildActionMask = 2147483647;
			files = (
				B3FD5BB11EE967A000842272 /* PageMenuKit.h in Headers */,
			);
			runOnlyForDeploymentPostprocessing = 0;
		};
/* End PBXHeadersBuildPhase section */

/* Begin PBXNativeTarget section */
		B3FD5BAC1EE967A000842272 /* PageMenuKit */ = {
			isa = PBXNativeTarget;
			buildConfigurationList = B3FD5BB61EE967A000842272 /* Build configuration list for PBXNativeTarget "PageMenuKit" */;
			buildPhases = (
				B3FD5BA81EE967A000842272 /* Sources */,
				B3FD5BA91EE967A000842272 /* Frameworks */,
				B3FD5BAA1EE967A000842272 /* Headers */,
				B3FD5BAB1EE967A000842272 /* Resources */,
			);
			buildRules = (
			);
			dependencies = (
			);
			name = PageMenuKit;
			productName = PageMenuKit;
			productReference = B3FD5BAD1EE967A000842272 /* PageMenuKit.framework */;
			productType = "com.apple.product-type.framework";
		};
		B3FD5BC31EE96AC000842272 /* PageMenuKitDemo */ = {
			isa = PBXNativeTarget;
			buildConfigurationList = B3FD5BD31EE96AC100842272 /* Build configuration list for PBXNativeTarget "PageMenuKitDemo" */;
			buildPhases = (
				B3FD5BC01EE96AC000842272 /* Sources */,
				B3FD5BC11EE96AC000842272 /* Frameworks */,
				B3FD5BC21EE96AC000842272 /* Resources */,
				B3FA139F23A2A86E00F1C379 /* Embed Frameworks */,
			);
			buildRules = (
			);
			dependencies = (
				B3650E881EEA797500B3D2BB /* PBXTargetDependency */,
			);
			name = PageMenuKitDemo;
			productName = PageMenuKitDemo;
			productReference = B3FD5BC41EE96AC000842272 /* PageMenuKitDemo.app */;
			productType = "com.apple.product-type.application";
		};
/* End PBXNativeTarget section */

/* Begin PBXProject section */
		B3FD5B8B1EE966FB00842272 /* Project object */ = {
			isa = PBXProject;
			attributes = {
				LastSwiftUpdateCheck = 0830;
				LastUpgradeCheck = 1020;
				ORGANIZATIONNAME = "Kouichi ABE (WALL)";
				TargetAttributes = {
					B33FF34C258B2415004DBC52 = {
						CreatedOnToolsVersion = 12.3;
						ProvisioningStyle = Automatic;
					};
					B3FD5BAC1EE967A000842272 = {
						CreatedOnToolsVersion = 8.3.2;
						LastSwiftMigration = 0830;
						ProvisioningStyle = Automatic;
					};
					B3FD5BC31EE96AC000842272 = {
						CreatedOnToolsVersion = 8.3.2;
						ProvisioningStyle = Automatic;
					};
				};
			};
			buildConfigurationList = B3FD5B8E1EE966FB00842272 /* Build configuration list for PBXProject "PageMenuKitSwift" */;
			compatibilityVersion = "Xcode 3.2";
			developmentRegion = en;
			hasScannedForEncodings = 0;
			knownRegions = (
				en,
				Base,
			);
			mainGroup = B3FD5B8A1EE966FB00842272;
			productRefGroup = B3FD5B941EE966FB00842272 /* Products */;
			projectDirPath = "";
			projectRoot = "";
			targets = (
				B3FD5BAC1EE967A000842272 /* PageMenuKit */,
				B3FD5BC31EE96AC000842272 /* PageMenuKitDemo */,
				B33FF34C258B2415004DBC52 /* PageMenuKitSwiftXCFramework */,
			);
		};
/* End PBXProject section */

/* Begin PBXResourcesBuildPhase section */
		B3FD5BAB1EE967A000842272 /* Resources */ = {
			isa = PBXResourcesBuildPhase;
			buildActionMask = 2147483647;
			files = (
			);
			runOnlyForDeploymentPostprocessing = 0;
		};
		B3FD5BC21EE96AC000842272 /* Resources */ = {
			isa = PBXResourcesBuildPhase;
			buildActionMask = 2147483647;
			files = (
				B3FD5BD11EE96AC100842272 /* LaunchScreen.storyboard in Resources */,
				B3FD5BCE1EE96AC100842272 /* Assets.xcassets in Resources */,
			);
			runOnlyForDeploymentPostprocessing = 0;
		};
/* End PBXResourcesBuildPhase section */

/* Begin PBXShellScriptBuildPhase section */
		B33FF353258B2426004DBC52 /* ShellScript */ = {
			isa = PBXShellScriptBuildPhase;
			buildActionMask = 2147483647;
			files = (
			);
			inputFileListPaths = (
			);
			inputPaths = (
			);
			outputFileListPaths = (
			);
			outputPaths = (
			);
			runOnlyForDeploymentPostprocessing = 0;
			shellPath = /bin/sh;
			shellScript = "#!/bin/sh\n\nOUTPUT_FOLDER=${BUILD_DIR}/${CONFIGURATION}-xcframework\n\nARCHS_IOS=\"arm64\"\nARCHS_SIMULATOR=\"x86_64\"\n\nSCHEME_NAME=\"PageMenuKit\"\n\n# make sure the output directory exists\nmkdir -p \"${OUTPUT_FOLDER}\"\n\n# Step 1. Archive Device and Simulator versions\nmk_archive() {\n  archs=$1\n  platform=$2\n  output=$3\n\n  xcodebuild \\\n  ENABLE_BITCODE=YES \\\n  BITCODE_GENERATION_MODE=bitcode \\\n  OTHER_CFLAGS=\"-fembed-bitcode\" \\\n  BUILD_LIBRARY_FOR_DISTRIBUTION=YES \\\n  SKIP_INSTALL=NO \\\n  ONLY_ACTIVE_ARCH=YES \\\n  ARCHS=\"${archs}\" \\\n  -project \"${PROJECT_NAME}.xcodeproj\" \\\n  -configuration \"${CONFIGURATION}\" \\\n  -scheme \"${SCHEME_NAME}\" \\\n  -destination \"generic/platform=${platform}\" \\\n  -archivePath \"${OUTPUT_FOLDER}/${PROJECT_NAME}-${output}\" \\\n  archive\n}\n\nmk_archive ${ARCHS_IOS} \"iOS\" \"iOS\"\nmk_archive ${ARCHS_SIMULATOR} \"iOS Simulator\" \"iOS_Simulator\"\n\n# Step 2. Create xcframework with all frameworks\nxcodebuild \\\n-create-xcframework \\\n-framework \"${OUTPUT_FOLDER}/${PROJECT_NAME}-iOS.xcarchive/Products/Library/Frameworks/${SCHEME_NAME}.framework\" \\\n-framework \"${OUTPUT_FOLDER}/${PROJECT_NAME}-iOS_Simulator.xcarchive/Products/Library/Frameworks/${SCHEME_NAME}.framework\" \\\n-output \"${OUTPUT_FOLDER}/${SCHEME_NAME}.xcframework\"\n\n# Step 3. Convenience step to open the output's directory in Finder\nopen \"${OUTPUT_FOLDER}\"\n";
		};
/* End PBXShellScriptBuildPhase section */

/* Begin PBXSourcesBuildPhase section */
		B3FD5BA81EE967A000842272 /* Sources */ = {
			isa = PBXSourcesBuildPhase;
			buildActionMask = 2147483647;
			files = (
				B3FD5BE11EE96B1500842272 /* PMKPageMenuController.swift in Sources */,
				B3FD5BE71EE96B1500842272 /* PMKPageMenuItemPlain.swift in Sources */,
				B3FD5BE61EE96B1500842272 /* PMKPageMenuItemNetLab.swift in Sources */,
				B3FD5BEB1EE96B1500842272 /* PMKPageMenuItemWeb.swift in Sources */,
				B3FD5BEA1EE96B1500842272 /* PMKPageMenuItemTab.swift in Sources */,
				B3FD5BE21EE96B1500842272 /* PMKPageMenuControllerDelegate.swift in Sources */,
				B3FD5BE41EE96B1500842272 /* PMKPageMenuItemEllipse.swift in Sources */,
				B3FD5BE81EE96B1500842272 /* PMKPageMenuItemSmart.swift in Sources */,
				B3FD5BE31EE96B1500842272 /* PMKPageMenuItem.swift in Sources */,
				B3650E861EEA566500B3D2BB /* PMKPageMenuItemNHK.swift in Sources */,
				B3FD5BE91EE96B1500842272 /* PMKPageMenuItemSuite.swift in Sources */,
				B3FD5BE51EE96B1500842272 /* PMKPageMenuItemHacka.swift in Sources */,
			);
			runOnlyForDeploymentPostprocessing = 0;
		};
		B3FD5BC01EE96AC000842272 /* Sources */ = {
			isa = PBXSourcesBuildPhase;
			buildActionMask = 2147483647;
			files = (
				B3FD5BF11EE96DEF00842272 /* DataViewController.swift in Sources */,
				B3FD5BC71EE96AC100842272 /* AppDelegate.swift in Sources */,
				B3FD5BED1EE96DE100842272 /* BaseViewController.swift in Sources */,
				B3FD5BEF1EE96DE800842272 /* RootViewController.swift in Sources */,
			);
			runOnlyForDeploymentPostprocessing = 0;
		};
/* End PBXSourcesBuildPhase section */

/* Begin PBXTargetDependency section */
		B3650E881EEA797500B3D2BB /* PBXTargetDependency */ = {
			isa = PBXTargetDependency;
			target = B3FD5BAC1EE967A000842272 /* PageMenuKit */;
			targetProxy = B3650E871EEA797500B3D2BB /* PBXContainerItemProxy */;
		};
/* End PBXTargetDependency section */

/* Begin PBXVariantGroup section */
		B3FD5BCF1EE96AC100842272 /* LaunchScreen.storyboard */ = {
			isa = PBXVariantGroup;
			children = (
				B3FD5BD01EE96AC100842272 /* Base */,
			);
			name = LaunchScreen.storyboard;
			sourceTree = "<group>";
		};
/* End PBXVariantGroup section */

/* Begin XCBuildConfiguration section */
		B33FF34D258B2415004DBC52 /* Debug */ = {
			isa = XCBuildConfiguration;
			buildSettings = {
				CODE_SIGN_STYLE = Automatic;
				PRODUCT_NAME = "$(TARGET_NAME)";
			};
			name = Debug;
		};
		B33FF34E258B2415004DBC52 /* Release */ = {
			isa = XCBuildConfiguration;
			buildSettings = {
				CODE_SIGN_STYLE = Automatic;
				PRODUCT_NAME = "$(TARGET_NAME)";
			};
			name = Release;
		};
		B3FD5BA31EE966FC00842272 /* Debug */ = {
			isa = XCBuildConfiguration;
			buildSettings = {
				ALWAYS_SEARCH_USER_PATHS = NO;
				CLANG_ANALYZER_NONNULL = YES;
				CLANG_ANALYZER_NUMBER_OBJECT_CONVERSION = YES_AGGRESSIVE;
				CLANG_CXX_LANGUAGE_STANDARD = "gnu++0x";
				CLANG_CXX_LIBRARY = "libc++";
				CLANG_ENABLE_MODULES = YES;
				CLANG_ENABLE_OBJC_ARC = YES;
				CLANG_WARN_BLOCK_CAPTURE_AUTORELEASING = YES;
				CLANG_WARN_BOOL_CONVERSION = YES;
				CLANG_WARN_COMMA = YES;
				CLANG_WARN_CONSTANT_CONVERSION = YES;
				CLANG_WARN_DEPRECATED_OBJC_IMPLEMENTATIONS = YES;
				CLANG_WARN_DIRECT_OBJC_ISA_USAGE = YES_ERROR;
				CLANG_WARN_DOCUMENTATION_COMMENTS = YES;
				CLANG_WARN_EMPTY_BODY = YES;
				CLANG_WARN_ENUM_CONVERSION = YES;
				CLANG_WARN_INFINITE_RECURSION = YES;
				CLANG_WARN_INT_CONVERSION = YES;
				CLANG_WARN_NON_LITERAL_NULL_CONVERSION = YES;
				CLANG_WARN_OBJC_IMPLICIT_RETAIN_SELF = YES;
				CLANG_WARN_OBJC_LITERAL_CONVERSION = YES;
				CLANG_WARN_OBJC_ROOT_CLASS = YES_ERROR;
				CLANG_WARN_RANGE_LOOP_ANALYSIS = YES;
				CLANG_WARN_STRICT_PROTOTYPES = YES;
				CLANG_WARN_SUSPICIOUS_MOVE = YES;
				CLANG_WARN_UNREACHABLE_CODE = YES;
				CLANG_WARN__DUPLICATE_METHOD_MATCH = YES;
				"CODE_SIGN_IDENTITY[sdk=iphoneos*]" = "iPhone Developer";
				COPY_PHASE_STRIP = NO;
				DEBUG_INFORMATION_FORMAT = dwarf;
				ENABLE_STRICT_OBJC_MSGSEND = YES;
				ENABLE_TESTABILITY = YES;
				GCC_C_LANGUAGE_STANDARD = gnu99;
				GCC_DYNAMIC_NO_PIC = NO;
				GCC_NO_COMMON_BLOCKS = YES;
				GCC_OPTIMIZATION_LEVEL = 0;
				GCC_PREPROCESSOR_DEFINITIONS = (
					"DEBUG=1",
					"$(inherited)",
				);
				GCC_WARN_64_TO_32_BIT_CONVERSION = YES;
				GCC_WARN_ABOUT_RETURN_TYPE = YES_ERROR;
				GCC_WARN_UNDECLARED_SELECTOR = YES;
				GCC_WARN_UNINITIALIZED_AUTOS = YES_AGGRESSIVE;
				GCC_WARN_UNUSED_FUNCTION = YES;
				GCC_WARN_UNUSED_VARIABLE = YES;
				IPHONEOS_DEPLOYMENT_TARGET = 13.6;
				MTL_ENABLE_DEBUG_INFO = YES;
				ONLY_ACTIVE_ARCH = YES;
				SDKROOT = iphoneos;
				SWIFT_ACTIVE_COMPILATION_CONDITIONS = DEBUG;
				SWIFT_OPTIMIZATION_LEVEL = "-Onone";
				TARGETED_DEVICE_FAMILY = "1,2";
			};
			name = Debug;
		};
		B3FD5BA41EE966FC00842272 /* Release */ = {
			isa = XCBuildConfiguration;
			buildSettings = {
				ALWAYS_SEARCH_USER_PATHS = NO;
				CLANG_ANALYZER_NONNULL = YES;
				CLANG_ANALYZER_NUMBER_OBJECT_CONVERSION = YES_AGGRESSIVE;
				CLANG_CXX_LANGUAGE_STANDARD = "gnu++0x";
				CLANG_CXX_LIBRARY = "libc++";
				CLANG_ENABLE_MODULES = YES;
				CLANG_ENABLE_OBJC_ARC = YES;
				CLANG_WARN_BLOCK_CAPTURE_AUTORELEASING = YES;
				CLANG_WARN_BOOL_CONVERSION = YES;
				CLANG_WARN_COMMA = YES;
				CLANG_WARN_CONSTANT_CONVERSION = YES;
				CLANG_WARN_DEPRECATED_OBJC_IMPLEMENTATIONS = YES;
				CLANG_WARN_DIRECT_OBJC_ISA_USAGE = YES_ERROR;
				CLANG_WARN_DOCUMENTATION_COMMENTS = YES;
				CLANG_WARN_EMPTY_BODY = YES;
				CLANG_WARN_ENUM_CONVERSION = YES;
				CLANG_WARN_INFINITE_RECURSION = YES;
				CLANG_WARN_INT_CONVERSION = YES;
				CLANG_WARN_NON_LITERAL_NULL_CONVERSION = YES;
				CLANG_WARN_OBJC_IMPLICIT_RETAIN_SELF = YES;
				CLANG_WARN_OBJC_LITERAL_CONVERSION = YES;
				CLANG_WARN_OBJC_ROOT_CLASS = YES_ERROR;
				CLANG_WARN_RANGE_LOOP_ANALYSIS = YES;
				CLANG_WARN_STRICT_PROTOTYPES = YES;
				CLANG_WARN_SUSPICIOUS_MOVE = YES;
				CLANG_WARN_UNREACHABLE_CODE = YES;
				CLANG_WARN__DUPLICATE_METHOD_MATCH = YES;
				"CODE_SIGN_IDENTITY[sdk=iphoneos*]" = "iPhone Developer";
				COPY_PHASE_STRIP = NO;
				DEBUG_INFORMATION_FORMAT = "dwarf-with-dsym";
				ENABLE_NS_ASSERTIONS = NO;
				ENABLE_STRICT_OBJC_MSGSEND = YES;
				GCC_C_LANGUAGE_STANDARD = gnu99;
				GCC_NO_COMMON_BLOCKS = YES;
				GCC_WARN_64_TO_32_BIT_CONVERSION = YES;
				GCC_WARN_ABOUT_RETURN_TYPE = YES_ERROR;
				GCC_WARN_UNDECLARED_SELECTOR = YES;
				GCC_WARN_UNINITIALIZED_AUTOS = YES_AGGRESSIVE;
				GCC_WARN_UNUSED_FUNCTION = YES;
				GCC_WARN_UNUSED_VARIABLE = YES;
				IPHONEOS_DEPLOYMENT_TARGET = 13.6;
				MTL_ENABLE_DEBUG_INFO = NO;
				SDKROOT = iphoneos;
				SWIFT_OPTIMIZATION_LEVEL = "-Owholemodule";
				TARGETED_DEVICE_FAMILY = "1,2";
				VALIDATE_PRODUCT = YES;
			};
			name = Release;
		};
		B3FD5BB71EE967A000842272 /* Debug */ = {
			isa = XCBuildConfiguration;
			buildSettings = {
				CLANG_ENABLE_MODULES = YES;
				CODE_SIGN_IDENTITY = "";
				CURRENT_PROJECT_VERSION = 2;
				DEFINES_MODULE = YES;
				DEVELOPMENT_TEAM = "";
				DYLIB_COMPATIBILITY_VERSION = 1;
				DYLIB_CURRENT_VERSION = 1;
				DYLIB_INSTALL_NAME_BASE = "@rpath";
				INFOPLIST_FILE = PageMenuKit/Info.plist;
				INSTALL_PATH = "$(LOCAL_LIBRARY_DIR)/Frameworks";
				IPHONEOS_DEPLOYMENT_TARGET = 14.3;
				LD_RUNPATH_SEARCH_PATHS = "$(inherited) @executable_path/Frameworks @loader_path/Frameworks";
				ONLY_ACTIVE_ARCH = NO;
				PRODUCT_BUNDLE_IDENTIFIER = com.magickworx.PageMenuKit;
				PRODUCT_NAME = "$(TARGET_NAME)";
				SKIP_INSTALL = YES;
				SWIFT_OPTIMIZATION_LEVEL = "-Onone";
				SWIFT_VERSION = 5.0;
				VALID_ARCHS = "$(ARCHS_STANDARD_64_BIT)";
				VERSIONING_SYSTEM = "apple-generic";
				VERSION_INFO_PREFIX = "";
			};
			name = Debug;
		};
		B3FD5BB81EE967A000842272 /* Release */ = {
			isa = XCBuildConfiguration;
			buildSettings = {
				CLANG_ENABLE_MODULES = YES;
				CODE_SIGN_IDENTITY = "";
				CURRENT_PROJECT_VERSION = 2;
				DEFINES_MODULE = YES;
				DEVELOPMENT_TEAM = "";
				DYLIB_COMPATIBILITY_VERSION = 1;
				DYLIB_CURRENT_VERSION = 1;
				DYLIB_INSTALL_NAME_BASE = "@rpath";
				INFOPLIST_FILE = PageMenuKit/Info.plist;
				INSTALL_PATH = "$(LOCAL_LIBRARY_DIR)/Frameworks";
				IPHONEOS_DEPLOYMENT_TARGET = 14.3;
				LD_RUNPATH_SEARCH_PATHS = "$(inherited) @executable_path/Frameworks @loader_path/Frameworks";
				ONLY_ACTIVE_ARCH = NO;
				PRODUCT_BUNDLE_IDENTIFIER = com.magickworx.PageMenuKit;
				PRODUCT_NAME = "$(TARGET_NAME)";
				SKIP_INSTALL = YES;
				SWIFT_VERSION = 5.0;
				VALID_ARCHS = "$(ARCHS_STANDARD_64_BIT)";
				VERSIONING_SYSTEM = "apple-generic";
				VERSION_INFO_PREFIX = "";
			};
			name = Release;
		};
		B3FD5BD41EE96AC100842272 /* Debug */ = {
			isa = XCBuildConfiguration;
			buildSettings = {
				ASSETCATALOG_COMPILER_APPICON_NAME = AppIcon;
				DEVELOPMENT_TEAM = "";
				INFOPLIST_FILE = PageMenuKitDemo/Info.plist;
				IPHONEOS_DEPLOYMENT_TARGET = 14.3;
				LD_RUNPATH_SEARCH_PATHS = "$(inherited) @executable_path/Frameworks";
				PRODUCT_BUNDLE_IDENTIFIER = com.magickworx.PageMenuKitDemo;
				PRODUCT_NAME = "$(TARGET_NAME)";
				SWIFT_VERSION = 5.0;
				VALID_ARCHS = "$(ARCHS_STANDARD_64_BIT)";
			};
			name = Debug;
		};
		B3FD5BD51EE96AC100842272 /* Release */ = {
			isa = XCBuildConfiguration;
			buildSettings = {
				ASSETCATALOG_COMPILER_APPICON_NAME = AppIcon;
				DEVELOPMENT_TEAM = "";
				INFOPLIST_FILE = PageMenuKitDemo/Info.plist;
				IPHONEOS_DEPLOYMENT_TARGET = 14.3;
				LD_RUNPATH_SEARCH_PATHS = "$(inherited) @executable_path/Frameworks";
				PRODUCT_BUNDLE_IDENTIFIER = com.magickworx.PageMenuKitDemo;
				PRODUCT_NAME = "$(TARGET_NAME)";
				SWIFT_VERSION = 5.0;
				VALID_ARCHS = "$(ARCHS_STANDARD_64_BIT)";
			};
			name = Release;
		};
/* End XCBuildConfiguration section */

/* Begin XCConfigurationList section */
		B33FF34F258B2415004DBC52 /* Build configuration list for PBXAggregateTarget "PageMenuKitSwiftXCFramework" */ = {
			isa = XCConfigurationList;
			buildConfigurations = (
				B33FF34D258B2415004DBC52 /* Debug */,
				B33FF34E258B2415004DBC52 /* Release */,
			);
			defaultConfigurationIsVisible = 0;
			defaultConfigurationName = Release;
		};
		B3FD5B8E1EE966FB00842272 /* Build configuration list for PBXProject "PageMenuKitSwift" */ = {
			isa = XCConfigurationList;
			buildConfigurations = (
				B3FD5BA31EE966FC00842272 /* Debug */,
				B3FD5BA41EE966FC00842272 /* Release */,
			);
			defaultConfigurationIsVisible = 0;
			defaultConfigurationName = Release;
		};
		B3FD5BB61EE967A000842272 /* Build configuration list for PBXNativeTarget "PageMenuKit" */ = {
			isa = XCConfigurationList;
			buildConfigurations = (
				B3FD5BB71EE967A000842272 /* Debug */,
				B3FD5BB81EE967A000842272 /* Release */,
			);
			defaultConfigurationIsVisible = 0;
			defaultConfigurationName = Release;
		};
		B3FD5BD31EE96AC100842272 /* Build configuration list for PBXNativeTarget "PageMenuKitDemo" */ = {
			isa = XCConfigurationList;
			buildConfigurations = (
				B3FD5BD41EE96AC100842272 /* Debug */,
				B3FD5BD51EE96AC100842272 /* Release */,
			);
			defaultConfigurationIsVisible = 0;
			defaultConfigurationName = Release;
		};
/* End XCConfigurationList section */
	};
	rootObject = B3FD5B8B1EE966FB00842272 /* Project object */;
}
